
Microsoft Visual Studio Solution File, Format Version 12.00
# Visual Studio Version 17
VisualStudioVersion = 17.2.32630.192
MinimumVisualStudioVersion = 10.0.40219.1
Project("{9A19103F-16F7-4668-BE54-9A1E7A4F7556}") = "HospitalManagerSystemApi", "HospitalManagerSystemApi\HospitalManagerSystemApi.csproj", "{622FCDBC-AFAB-4C23-BE68-0B56E3B4AC4A}"
EndProject
Project("{9A19103F-16F7-4668-BE54-9A1E7A4F7556}") = "EntityLayer", "EntityLayer\EntityLayer.csproj", "{0D2053B0-322F-4E55-A044-8B44EA677087}"
EndProject
Project("{9A19103F-16F7-4668-BE54-9A1E7A4F7556}") = "DataAccesLayer", "DataAccesLayer\DataAccesLayer.csproj", "{5E668A42-20EC-4B14-AAAB-DA4775260C70}"
EndProject
Project("{9A19103F-16F7-4668-BE54-9A1E7A4F7556}") = "BusinessLayer", "BusinessLayer\BusinessLayer.csproj", "{FD53DEDC-534F-40BA-BA2D-8233462ECCB1}"
EndProject
Project("{FAE04EC0-301F-11D3-BF4B-00C04F79EFBC}") = "HospitalManagerSystemWeb", "HospitalManagerSystemWeb\HospitalManagerSystemWeb.csproj", "{3F895A0D-A627-4DB3-957A-4E44CFF6BC05}"
EndProject
Global
	GlobalSection(SolutionConfigurationPlatforms) = preSolution
		Debug|Any CPU = Debug|Any CPU
		Release|Any CPU = Release|Any CPU
	EndGlobalSection
	GlobalSection(ProjectConfigurationPlatforms) = postSolution
		{622FCDBC-AFAB-4C23-BE68-0B56E3B4AC4A}.Debug|Any CPU.ActiveCfg = Debug|Any CPU
		{622FCDBC-AFAB-4C23-BE68-0B56E3B4AC4A}.Debug|Any CPU.Build.0 = Debug|Any CPU
		{622FCDBC-AFAB-4C23-BE68-0B56E3B4AC4A}.Release|Any CPU.ActiveCfg = Release|Any CPU
		{622FCDBC-AFAB-4C23-BE68-0B56E3B4AC4A}.Release|Any CPU.Build.0 = Release|Any CPU
		{0D2053B0-322F-4E55-A044-8B44EA677087}.Debug|Any CPU.ActiveCfg = Debug|Any CPU
		{0D2053B0-322F-4E55-A044-8B44EA677087}.Debug|Any CPU.Build.0 = Debug|Any CPU
		{0D2053B0-322F-4E55-A044-8B44EA677087}.Release|Any CPU.ActiveCfg = Release|Any CPU
		{0D2053B0-322F-4E55-A044-8B44EA677087}.Release|Any CPU.Build.0 = Release|Any CPU
		{5E668A42-20EC-4B14-AAAB-DA4775260C70}.Debug|Any CPU.ActiveCfg = Debug|Any CPU
		{5E668A42-20EC-4B14-AAAB-DA4775260C70}.Debug|Any CPU.Build.0 = Debug|Any CPU
		{5E668A42-20EC-4B14-AAAB-DA4775260C70}.Release|Any CPU.ActiveCfg = Release|Any CPU
		{5E668A42-20EC-4B14-AAAB-DA4775260C70}.Release|Any CPU.Build.0 = Release|Any CPU
		{FD53DEDC-534F-40BA-BA2D-8233462ECCB1}.Debug|Any CPU.ActiveCfg = Debug|Any CPU
		{FD53DEDC-534F-40BA-BA2D-8233462ECCB1}.Debug|Any CPU.Build.0 = Debug|Any CPU
		{FD53DEDC-534F-40BA-BA2D-8233462ECCB1}.Release|Any CPU.ActiveCfg = Release|Any CPU
		{FD53DEDC-534F-40BA-BA2D-8233462ECCB1}.Release|Any CPU.Build.0 = Release|Any CPU
		{3F895A0D-A627-4DB3-957A-4E44CFF6BC05}.Debug|Any CPU.ActiveCfg = Debug|Any CPU
		{3F895A0D-A627-4DB3-957A-4E44CFF6BC05}.Debug|Any CPU.Build.0 = Debug|Any CPU
		{3F895A0D-A627-4DB3-957A-4E44CFF6BC05}.Release|Any CPU.ActiveCfg = Release|Any CPU
		{3F895A0D-A627-4DB3-957A-4E44CFF6BC05}.Release|Any CPU.Build.0 = Release|Any CPU
	EndGlobalSection
	GlobalSection(SolutionProperties) = preSolution
		HideSolutionNode = FALSE
	EndGlobalSection
	GlobalSection(ExtensibilityGlobals) = postSolution
		SolutionGuid = {7B39EF71-8B8C-4D12-AC4D-09490DA0A85A}
	EndGlobalSection
EndGlobal
